# This file is autogenerated, do not edit; changes may be undone by the next 'dep ensure'.


[[projects]]
  branch = "master"
  name = "github.com/gordonklaus/portaudio"
  packages = ["."]
  revision = "e66c30a9c4ca11f93538cf8c004831bfb76f3838"

[[projects]]
  branch = "master"
  name = "github.com/hajimehoshi/go-mp3"
  packages = [
    ".",
    "internal/bits",
    "internal/consts",
    "internal/frame",
    "internal/frameheader",
    "internal/huffman",
    "internal/imdct",
    "internal/maindata",
    "internal/sideinfo"
  ]
  revision = "3c185f92b8dbceefa913b64cae634ba47f452769"

[solve-meta]
  analyzer-name = "dep"
  analyzer-version = 1
  inputs-digest = "e9bfbdaf486e742a43ee9b3981a9f1174430b2345d8fb105a50cd07b02ff72a3"
  solver-name = "gps-cdcl"
  solver-version = 1
